// !$*UTF8*$!
{
	archiveVersion = 1;
	classes = {
	};
	objectVersion = 56;
	objects = {

/* Begin PBXBuildFile section */
		FC673F04299B93ED001703A3 /* SURFMetalApp.swift in Sources */ = {isa = PBXBuildFile; fileRef = FC673F03299B93ED001703A3 /* SURFMetalApp.swift */; };
		FC673F06299B93ED001703A3 /* ContentView.swift in Sources */ = {isa = PBXBuildFile; fileRef = FC673F05299B93ED001703A3 /* ContentView.swift */; };
		FC673F08299B93ED001703A3 /* Assets.xcassets in Resources */ = {isa = PBXBuildFile; fileRef = FC673F07299B93ED001703A3 /* Assets.xcassets */; };
		FC673F0C299B93ED001703A3 /* Preview Assets.xcassets in Resources */ = {isa = PBXBuildFile; fileRef = FC673F0B299B93ED001703A3 /* Preview Assets.xcassets */; };
		FC673F13299B9416001703A3 /* SURFBay.swift in Sources */ = {isa = PBXBuildFile; fileRef = FC673F12299B9416001703A3 /* SURFBay.swift */; };
		FC673F17299BA329001703A3 /* Bitmap.swift in Sources */ = {isa = PBXBuildFile; fileRef = FC673F16299BA329001703A3 /* Bitmap.swift */; };
		FC673F19299BA5A9001703A3 /* IntegralImage.swift in Sources */ = {isa = PBXBuildFile; fileRef = FC673F18299BA5A9001703A3 /* IntegralImage.swift */; };
		FC673F1B299BA98D001703A3 /* waterfall.png in Resources */ = {isa = PBXBuildFile; fileRef = FC673F1A299BA98D001703A3 /* waterfall.png */; };
		FC673F1D299BABAA001703A3 /* FastHessian.swift in Sources */ = {isa = PBXBuildFile; fileRef = FC673F1C299BABAA001703A3 /* FastHessian.swift */; };
		FC673F1F299C1520001703A3 /* KeyPoint.swift in Sources */ = {isa = PBXBuildFile; fileRef = FC673F1E299C1520001703A3 /* KeyPoint.swift */; };
		FC673F21299CCC67001703A3 /* Math.swift in Sources */ = {isa = PBXBuildFile; fileRef = FC673F20299CCC67001703A3 /* Math.swift */; };
		FC673F25299CDEF1001703A3 /* BaySURFFile.swift in Sources */ = {isa = PBXBuildFile; fileRef = FC673F24299CDEF1001703A3 /* BaySURFFile.swift */; };
		FC673F29299E5569001703A3 /* Descriptor.swift in Sources */ = {isa = PBXBuildFile; fileRef = FC673F28299E5569001703A3 /* Descriptor.swift */; };
		FC673F2B299E557D001703A3 /* SURFIPOL.swift in Sources */ = {isa = PBXBuildFile; fileRef = FC673F2A299E557D001703A3 /* SURFIPOL.swift */; };
		FC673F2F299F938B001703A3 /* lena.png in Resources */ = {isa = PBXBuildFile; fileRef = FC673F2E299F938B001703A3 /* lena.png */; };
		FC673F3129A35946001703A3 /* Field.swift in Sources */ = {isa = PBXBuildFile; fileRef = FC673F3029A35946001703A3 /* Field.swift */; };
		FC673F3529A3F459001703A3 /* IPOLSURFFile.swift in Sources */ = {isa = PBXBuildFile; fileRef = FC673F3429A3F459001703A3 /* IPOLSURFFile.swift */; };
		FC673F3929A40808001703A3 /* lena.surf in Resources */ = {isa = PBXBuildFile; fileRef = FC673F3829A40808001703A3 /* lena.surf */; };
		FC673F3B29A4B5B4001703A3 /* CoreGraphicsExtensions.swift in Sources */ = {isa = PBXBuildFile; fileRef = FC673F3A29A4B5B4001703A3 /* CoreGraphicsExtensions.swift */; };
		FC673F3D29A4BD01001703A3 /* waterfall.surf in Resources */ = {isa = PBXBuildFile; fileRef = FC673F3C29A4BD01001703A3 /* waterfall.surf */; };
/* End PBXBuildFile section */

/* Begin PBXFileReference section */
		FC673F00299B93ED001703A3 /* SURFMetalApp.app */ = {isa = PBXFileReference; explicitFileType = wrapper.application; includeInIndex = 0; path = SURFMetalApp.app; sourceTree = BUILT_PRODUCTS_DIR; };
		FC673F03299B93ED001703A3 /* SURFMetalApp.swift */ = {isa = PBXFileReference; lastKnownFileType = sourcecode.swift; path = SURFMetalApp.swift; sourceTree = "<group>"; };
		FC673F05299B93ED001703A3 /* ContentView.swift */ = {isa = PBXFileReference; lastKnownFileType = sourcecode.swift; path = ContentView.swift; sourceTree = "<group>"; };
		FC673F07299B93ED001703A3 /* Assets.xcassets */ = {isa = PBXFileReference; lastKnownFileType = folder.assetcatalog; path = Assets.xcassets; sourceTree = "<group>"; };
		FC673F09299B93ED001703A3 /* SURFMetalApp.entitlements */ = {isa = PBXFileReference; lastKnownFileType = text.plist.entitlements; path = SURFMetalApp.entitlements; sourceTree = "<group>"; };
		FC673F0B299B93ED001703A3 /* Preview Assets.xcassets */ = {isa = PBXFileReference; lastKnownFileType = folder.assetcatalog; path = "Preview Assets.xcassets"; sourceTree = "<group>"; };
		FC673F12299B9416001703A3 /* SURFBay.swift */ = {isa = PBXFileReference; lastKnownFileType = sourcecode.swift; path = SURFBay.swift; sourceTree = "<group>"; };
		FC673F16299BA329001703A3 /* Bitmap.swift */ = {isa = PBXFileReference; lastKnownFileType = sourcecode.swift; path = Bitmap.swift; sourceTree = "<group>"; };
		FC673F18299BA5A9001703A3 /* IntegralImage.swift */ = {isa = PBXFileReference; lastKnownFileType = sourcecode.swift; path = IntegralImage.swift; sourceTree = "<group>"; };
		FC673F1A299BA98D001703A3 /* waterfall.png */ = {isa = PBXFileReference; lastKnownFileType = image.png; path = waterfall.png; sourceTree = "<group>"; };
		FC673F1C299BABAA001703A3 /* FastHessian.swift */ = {isa = PBXFileReference; lastKnownFileType = sourcecode.swift; path = FastHessian.swift; sourceTree = "<group>"; };
		FC673F1E299C1520001703A3 /* KeyPoint.swift */ = {isa = PBXFileReference; lastKnownFileType = sourcecode.swift; path = KeyPoint.swift; sourceTree = "<group>"; };
		FC673F20299CCC67001703A3 /* Math.swift */ = {isa = PBXFileReference; lastKnownFileType = sourcecode.swift; path = Math.swift; sourceTree = "<group>"; };
		FC673F24299CDEF1001703A3 /* BaySURFFile.swift */ = {isa = PBXFileReference; lastKnownFileType = sourcecode.swift; path = BaySURFFile.swift; sourceTree = "<group>"; };
		FC673F28299E5569001703A3 /* Descriptor.swift */ = {isa = PBXFileReference; lastKnownFileType = sourcecode.swift; path = Descriptor.swift; sourceTree = "<group>"; };
		FC673F2A299E557D001703A3 /* SURFIPOL.swift */ = {isa = PBXFileReference; lastKnownFileType = sourcecode.swift; path = SURFIPOL.swift; sourceTree = "<group>"; };
		FC673F2E299F938B001703A3 /* lena.png */ = {isa = PBXFileReference; lastKnownFileType = image.png; path = lena.png; sourceTree = "<group>"; };
		FC673F3029A35946001703A3 /* Field.swift */ = {isa = PBXFileReference; lastKnownFileType = sourcecode.swift; path = Field.swift; sourceTree = "<group>"; };
		FC673F3429A3F459001703A3 /* IPOLSURFFile.swift */ = {isa = PBXFileReference; lastKnownFileType = sourcecode.swift; path = IPOLSURFFile.swift; sourceTree = "<group>"; };
		FC673F3829A40808001703A3 /* lena.surf */ = {isa = PBXFileReference; fileEncoding = 4; lastKnownFileType = text; path = lena.surf; sourceTree = "<group>"; };
		FC673F3A29A4B5B4001703A3 /* CoreGraphicsExtensions.swift */ = {isa = PBXFileReference; lastKnownFileType = sourcecode.swift; path = CoreGraphicsExtensions.swift; sourceTree = "<group>"; };
		FC673F3C29A4BD01001703A3 /* waterfall.surf */ = {isa = PBXFileReference; fileEncoding = 4; lastKnownFileType = text; path = waterfall.surf; sourceTree = "<group>"; };
/* End PBXFileReference section */

/* Begin PBXFrameworksBuildPhase section */
		FC673EFD299B93ED001703A3 /* Frameworks */ = {
			isa = PBXFrameworksBuildPhase;
			buildActionMask = 2147483647;
			files = (
			);
			runOnlyForDeploymentPostprocessing = 0;
		};
/* End PBXFrameworksBuildPhase section */

/* Begin PBXGroup section */
		FC673EF7299B93ED001703A3 = {
			isa = PBXGroup;
			children = (
				FC673F02299B93ED001703A3 /* SURFMetalApp */,
				FC673F01299B93ED001703A3 /* Products */,
			);
			sourceTree = "<group>";
		};
		FC673F01299B93ED001703A3 /* Products */ = {
			isa = PBXGroup;
			children = (
				FC673F00299B93ED001703A3 /* SURFMetalApp.app */,
			);
			name = Products;
			sourceTree = "<group>";
		};
		FC673F02299B93ED001703A3 /* SURFMetalApp */ = {
			isa = PBXGroup;
			children = (
				FC673F14299B941F001703A3 /* Swift */,
				FC673F15299B9429001703A3 /* SURF */,
				FC673F07299B93ED001703A3 /* Assets.xcassets */,
				FC673F1A299BA98D001703A3 /* waterfall.png */,
				FC673F2E299F938B001703A3 /* lena.png */,
				FC673F3829A40808001703A3 /* lena.surf */,
				FC673F3C29A4BD01001703A3 /* waterfall.surf */,
				FC673F09299B93ED001703A3 /* SURFMetalApp.entitlements */,
				FC673F0A299B93ED001703A3 /* Preview Content */,
			);
			path = SURFMetalApp;
			sourceTree = "<group>";
		};
		FC673F0A299B93ED001703A3 /* Preview Content */ = {
			isa = PBXGroup;
			children = (
				FC673F0B299B93ED001703A3 /* Preview Assets.xcassets */,
			);
			path = "Preview Content";
			sourceTree = "<group>";
		};
		FC673F14299B941F001703A3 /* Swift */ = {
			isa = PBXGroup;
			children = (
				FC673F03299B93ED001703A3 /* SURFMetalApp.swift */,
				FC673F05299B93ED001703A3 /* ContentView.swift */,
			);
			path = Swift;
			sourceTree = "<group>";
		};
		FC673F15299B9429001703A3 /* SURF */ = {
			isa = PBXGroup;
			children = (
				FC673F28299E5569001703A3 /* Descriptor.swift */,
				FC673F12299B9416001703A3 /* SURFBay.swift */,
				FC673F2A299E557D001703A3 /* SURFIPOL.swift */,
				FC673F1C299BABAA001703A3 /* FastHessian.swift */,
				FC673F16299BA329001703A3 /* Bitmap.swift */,
				FC673F3029A35946001703A3 /* Field.swift */,
				FC673F18299BA5A9001703A3 /* IntegralImage.swift */,
				FC673F1E299C1520001703A3 /* KeyPoint.swift */,
				FC673F20299CCC67001703A3 /* Math.swift */,
				FC673F3A29A4B5B4001703A3 /* CoreGraphicsExtensions.swift */,
				FC673F24299CDEF1001703A3 /* BaySURFFile.swift */,
				FC673F3429A3F459001703A3 /* IPOLSURFFile.swift */,
			);
			path = SURF;
			sourceTree = "<group>";
		};
/* End PBXGroup section */

/* Begin PBXNativeTarget section */
		FC673EFF299B93ED001703A3 /* SURFMetalApp */ = {
			isa = PBXNativeTarget;
			buildConfigurationList = FC673F0F299B93ED001703A3 /* Build configuration list for PBXNativeTarget "SURFMetalApp" */;
			buildPhases = (
				FC673EFC299B93ED001703A3 /* Sources */,
				FC673EFD299B93ED001703A3 /* Frameworks */,
				FC673EFE299B93ED001703A3 /* Resources */,
			);
			buildRules = (
			);
			dependencies = (
			);
			name = SURFMetalApp;
			productName = SURFMetalApp;
			productReference = FC673F00299B93ED001703A3 /* SURFMetalApp.app */;
			productType = "com.apple.product-type.application";
		};
/* End PBXNativeTarget section */

/* Begin PBXProject section */
		FC673EF8299B93ED001703A3 /* Project object */ = {
			isa = PBXProject;
			attributes = {
				BuildIndependentTargetsInParallel = 1;
				LastSwiftUpdateCheck = 1420;
				LastUpgradeCheck = 1420;
				TargetAttributes = {
					FC673EFF299B93ED001703A3 = {
						CreatedOnToolsVersion = 14.2;
					};
				};
			};
			buildConfigurationList = FC673EFB299B93ED001703A3 /* Build configuration list for PBXProject "SURFMetalApp" */;
			compatibilityVersion = "Xcode 14.0";
			developmentRegion = en;
			hasScannedForEncodings = 0;
			knownRegions = (
				en,
				Base,
			);
			mainGroup = FC673EF7299B93ED001703A3;
			productRefGroup = FC673F01299B93ED001703A3 /* Products */;
			projectDirPath = "";
			projectRoot = "";
			targets = (
				FC673EFF299B93ED001703A3 /* SURFMetalApp */,
			);
		};
/* End PBXProject section */

/* Begin PBXResourcesBuildPhase section */
		FC673EFE299B93ED001703A3 /* Resources */ = {
			isa = PBXResourcesBuildPhase;
			buildActionMask = 2147483647;
			files = (
				FC673F1B299BA98D001703A3 /* waterfall.png in Resources */,
				FC673F2F299F938B001703A3 /* lena.png in Resources */,
				FC673F0C299B93ED001703A3 /* Preview Assets.xcassets in Resources */,
				FC673F08299B93ED001703A3 /* Assets.xcassets in Resources */,
				FC673F3D29A4BD01001703A3 /* waterfall.surf in Resources */,
				FC673F3929A40808001703A3 /* lena.surf in Resources */,
			);
			runOnlyForDeploymentPostprocessing = 0;
		};
/* End PBXResourcesBuildPhase section */

/* Begin PBXSourcesBuildPhase section */
		FC673EFC299B93ED001703A3 /* Sources */ = {
			isa = PBXSourcesBuildPhase;
			buildActionMask = 2147483647;
			files = (
				FC673F29299E5569001703A3 /* Descriptor.swift in Sources */,
				FC673F1F299C1520001703A3 /* KeyPoint.swift in Sources */,
				FC673F3129A35946001703A3 /* Field.swift in Sources */,
				FC673F06299B93ED001703A3 /* ContentView.swift in Sources */,
				FC673F3529A3F459001703A3 /* IPOLSURFFile.swift in Sources */,
				FC673F17299BA329001703A3 /* Bitmap.swift in Sources */,
				FC673F25299CDEF1001703A3 /* BaySURFFile.swift in Sources */,
				FC673F19299BA5A9001703A3 /* IntegralImage.swift in Sources */,
				FC673F1D299BABAA001703A3 /* FastHessian.swift in Sources */,
				FC673F13299B9416001703A3 /* SURFBay.swift in Sources */,
				FC673F04299B93ED001703A3 /* SURFMetalApp.swift in Sources */,
				FC673F3B29A4B5B4001703A3 /* CoreGraphicsExtensions.swift in Sources */,
				FC673F21299CCC67001703A3 /* Math.swift in Sources */,
				FC673F2B299E557D001703A3 /* SURFIPOL.swift in Sources */,
			);
			runOnlyForDeploymentPostprocessing = 0;
		};
/* End PBXSourcesBuildPhase section */

/* Begin XCBuildConfiguration section */
		FC673F0D299B93ED001703A3 /* Debug */ = {
			isa = XCBuildConfiguration;
			buildSettings = {
				ALWAYS_SEARCH_USER_PATHS = NO;
				CLANG_ANALYZER_NONNULL = YES;
				CLANG_ANALYZER_NUMBER_OBJECT_CONVERSION = YES_AGGRESSIVE;
				CLANG_CXX_LANGUAGE_STANDARD = "gnu++20";
				CLANG_ENABLE_MODULES = YES;
				CLANG_ENABLE_OBJC_ARC = YES;
				CLANG_ENABLE_OBJC_WEAK = YES;
				CLANG_WARN_BLOCK_CAPTURE_AUTORELEASING = YES;
				CLANG_WARN_BOOL_CONVERSION = YES;
				CLANG_WARN_COMMA = YES;
				CLANG_WARN_CONSTANT_CONVERSION = YES;
				CLANG_WARN_DEPRECATED_OBJC_IMPLEMENTATIONS = YES;
				CLANG_WARN_DIRECT_OBJC_ISA_USAGE = YES_ERROR;
				CLANG_WARN_DOCUMENTATION_COMMENTS = YES;
				CLANG_WARN_EMPTY_BODY = YES;
				CLANG_WARN_ENUM_CONVERSION = YES;
				CLANG_WARN_INFINITE_RECURSION = YES;
				CLANG_WARN_INT_CONVERSION = YES;
				CLANG_WARN_NON_LITERAL_NULL_CONVERSION = YES;
				CLANG_WARN_OBJC_IMPLICIT_RETAIN_SELF = YES;
				CLANG_WARN_OBJC_LITERAL_CONVERSION = YES;
				CLANG_WARN_OBJC_ROOT_CLASS = YES_ERROR;
				CLANG_WARN_QUOTED_INCLUDE_IN_FRAMEWORK_HEADER = YES;
				CLANG_WARN_RANGE_LOOP_ANALYSIS = YES;
				CLANG_WARN_STRICT_PROTOTYPES = YES;
				CLANG_WARN_SUSPICIOUS_MOVE = YES;
				CLANG_WARN_UNGUARDED_AVAILABILITY = YES_AGGRESSIVE;
				CLANG_WARN_UNREACHABLE_CODE = YES;
				CLANG_WARN__DUPLICATE_METHOD_MATCH = YES;
				COPY_PHASE_STRIP = NO;
				DEBUG_INFORMATION_FORMAT = dwarf;
				ENABLE_STRICT_OBJC_MSGSEND = YES;
				ENABLE_TESTABILITY = YES;
				GCC_C_LANGUAGE_STANDARD = gnu11;
				GCC_DYNAMIC_NO_PIC = NO;
				GCC_NO_COMMON_BLOCKS = YES;
				GCC_OPTIMIZATION_LEVEL = 0;
				GCC_PREPROCESSOR_DEFINITIONS = (
					"DEBUG=1",
					"$(inherited)",
				);
				GCC_WARN_64_TO_32_BIT_CONVERSION = YES;
				GCC_WARN_ABOUT_RETURN_TYPE = YES_ERROR;
				GCC_WARN_UNDECLARED_SELECTOR = YES;
				GCC_WARN_UNINITIALIZED_AUTOS = YES_AGGRESSIVE;
				GCC_WARN_UNUSED_FUNCTION = YES;
				GCC_WARN_UNUSED_VARIABLE = YES;
				MTL_ENABLE_DEBUG_INFO = INCLUDE_SOURCE;
				MTL_FAST_MATH = YES;
				ONLY_ACTIVE_ARCH = YES;
				SWIFT_ACTIVE_COMPILATION_CONDITIONS = DEBUG;
				SWIFT_OPTIMIZATION_LEVEL = "-Onone";
			};
			name = Debug;
		};
		FC673F0E299B93ED001703A3 /* Release */ = {
			isa = XCBuildConfiguration;
			buildSettings = {
				ALWAYS_SEARCH_USER_PATHS = NO;
				CLANG_ANALYZER_NONNULL = YES;
				CLANG_ANALYZER_NUMBER_OBJECT_CONVERSION = YES_AGGRESSIVE;
				CLANG_CXX_LANGUAGE_STANDARD = "gnu++20";
				CLANG_ENABLE_MODULES = YES;
				CLANG_ENABLE_OBJC_ARC = YES;
				CLANG_ENABLE_OBJC_WEAK = YES;
				CLANG_WARN_BLOCK_CAPTURE_AUTORELEASING = YES;
				CLANG_WARN_BOOL_CONVERSION = YES;
				CLANG_WARN_COMMA = YES;
				CLANG_WARN_CONSTANT_CONVERSION = YES;
				CLANG_WARN_DEPRECATED_OBJC_IMPLEMENTATIONS = YES;
				CLANG_WARN_DIRECT_OBJC_ISA_USAGE = YES_ERROR;
				CLANG_WARN_DOCUMENTATION_COMMENTS = YES;
				CLANG_WARN_EMPTY_BODY = YES;
				CLANG_WARN_ENUM_CONVERSION = YES;
				CLANG_WARN_INFINITE_RECURSION = YES;
				CLANG_WARN_INT_CONVERSION = YES;
				CLANG_WARN_NON_LITERAL_NULL_CONVERSION = YES;
				CLANG_WARN_OBJC_IMPLICIT_RETAIN_SELF = YES;
				CLANG_WARN_OBJC_LITERAL_CONVERSION = YES;
				CLANG_WARN_OBJC_ROOT_CLASS = YES_ERROR;
				CLANG_WARN_QUOTED_INCLUDE_IN_FRAMEWORK_HEADER = YES;
				CLANG_WARN_RANGE_LOOP_ANALYSIS = YES;
				CLANG_WARN_STRICT_PROTOTYPES = YES;
				CLANG_WARN_SUSPICIOUS_MOVE = YES;
				CLANG_WARN_UNGUARDED_AVAILABILITY = YES_AGGRESSIVE;
				CLANG_WARN_UNREACHABLE_CODE = YES;
				CLANG_WARN__DUPLICATE_METHOD_MATCH = YES;
				COPY_PHASE_STRIP = NO;
				DEBUG_INFORMATION_FORMAT = "dwarf-with-dsym";
				ENABLE_NS_ASSERTIONS = NO;
				ENABLE_STRICT_OBJC_MSGSEND = YES;
				GCC_C_LANGUAGE_STANDARD = gnu11;
				GCC_NO_COMMON_BLOCKS = YES;
				GCC_WARN_64_TO_32_BIT_CONVERSION = YES;
				GCC_WARN_ABOUT_RETURN_TYPE = YES_ERROR;
				GCC_WARN_UNDECLARED_SELECTOR = YES;
				GCC_WARN_UNINITIALIZED_AUTOS = YES_AGGRESSIVE;
				GCC_WARN_UNUSED_FUNCTION = YES;
				GCC_WARN_UNUSED_VARIABLE = YES;
				MTL_ENABLE_DEBUG_INFO = NO;
				MTL_FAST_MATH = YES;
				SWIFT_COMPILATION_MODE = wholemodule;
				SWIFT_OPTIMIZATION_LEVEL = "-O";
			};
			name = Release;
		};
		FC673F10299B93ED001703A3 /* Debug */ = {
			isa = XCBuildConfiguration;
			buildSettings = {
				ASSETCATALOG_COMPILER_APPICON_NAME = AppIcon;
				ASSETCATALOG_COMPILER_GLOBAL_ACCENT_COLOR_NAME = AccentColor;
				CODE_SIGN_ENTITLEMENTS = SURFMetalApp/SURFMetalApp.entitlements;
				CODE_SIGN_STYLE = Automatic;
				CURRENT_PROJECT_VERSION = 1;
				DEVELOPMENT_ASSET_PATHS = "\"SURFMetalApp/Preview Content\"";
				DEVELOPMENT_TEAM = DBK476475Y;
				ENABLE_HARDENED_RUNTIME = YES;
				ENABLE_PREVIEWS = YES;
				GENERATE_INFOPLIST_FILE = YES;
				"INFOPLIST_KEY_UIApplicationSceneManifest_Generation[sdk=iphoneos*]" = YES;
				"INFOPLIST_KEY_UIApplicationSceneManifest_Generation[sdk=iphonesimulator*]" = YES;
				"INFOPLIST_KEY_UIApplicationSupportsIndirectInputEvents[sdk=iphoneos*]" = YES;
				"INFOPLIST_KEY_UIApplicationSupportsIndirectInputEvents[sdk=iphonesimulator*]" = YES;
				"INFOPLIST_KEY_UILaunchScreen_Generation[sdk=iphoneos*]" = YES;
				"INFOPLIST_KEY_UILaunchScreen_Generation[sdk=iphonesimulator*]" = YES;
				"INFOPLIST_KEY_UIStatusBarStyle[sdk=iphoneos*]" = UIStatusBarStyleDefault;
				"INFOPLIST_KEY_UIStatusBarStyle[sdk=iphonesimulator*]" = UIStatusBarStyleDefault;
				INFOPLIST_KEY_UISupportedInterfaceOrientations_iPad = "UIInterfaceOrientationPortrait UIInterfaceOrientationPortraitUpsideDown UIInterfaceOrientationLandscapeLeft UIInterfaceOrientationLandscapeRight";
				INFOPLIST_KEY_UISupportedInterfaceOrientations_iPhone = "UIInterfaceOrientationPortrait UIInterfaceOrientationLandscapeLeft UIInterfaceOrientationLandscapeRight";
				IPHONEOS_DEPLOYMENT_TARGET = 16.2;
				LD_RUNPATH_SEARCH_PATHS = "@executable_path/Frameworks";
				"LD_RUNPATH_SEARCH_PATHS[sdk=macosx*]" = "@executable_path/../Frameworks";
				MACOSX_DEPLOYMENT_TARGET = 13.0;
				MARKETING_VERSION = 1.0;
				PRODUCT_BUNDLE_IDENTIFIER = com.lukevanin.SURFMetalApp;
				PRODUCT_NAME = "$(TARGET_NAME)";
				SDKROOT = auto;
				SUPPORTED_PLATFORMS = "iphoneos iphonesimulator macosx";
				SWIFT_EMIT_LOC_STRINGS = YES;
				SWIFT_VERSION = 5.0;
				TARGETED_DEVICE_FAMILY = "1,2";
			};
			name = Debug;
		};
		FC673F11299B93ED001703A3 /* Release */ = {
			isa = XCBuildConfiguration;
			buildSettings = {
				ASSETCATALOG_COMPILER_APPICON_NAME = AppIcon;
				ASSETCATALOG_COMPILER_GLOBAL_ACCENT_COLOR_NAME = AccentColor;
				CODE_SIGN_ENTITLEMENTS = SURFMetalApp/SURFMetalApp.entitlements;
				CODE_SIGN_STYLE = Automatic;
				CURRENT_PROJECT_VERSION = 1;
				DEVELOPMENT_ASSET_PATHS = "\"SURFMetalApp/Preview Content\"";
				DEVELOPMENT_TEAM = DBK476475Y;
				ENABLE_HARDENED_RUNTIME = YES;
				ENABLE_PREVIEWS = YES;
				GENERATE_INFOPLIST_FILE = YES;
				"INFOPLIST_KEY_UIApplicationSceneManifest_Generation[sdk=iphoneos*]" = YES;
				"INFOPLIST_KEY_UIApplicationSceneManifest_Generation[sdk=iphonesimulator*]" = YES;
				"INFOPLIST_KEY_UIApplicationSupportsIndirectInputEvents[sdk=iphoneos*]" = YES;
				"INFOPLIST_KEY_UIApplicationSupportsIndirectInputEvents[sdk=iphonesimulator*]" = YES;
				"INFOPLIST_KEY_UILaunchScreen_Generation[sdk=iphoneos*]" = YES;
				"INFOPLIST_KEY_UILaunchScreen_Generation[sdk=iphonesimulator*]" = YES;
				"INFOPLIST_KEY_UIStatusBarStyle[sdk=iphoneos*]" = UIStatusBarStyleDefault;
				"INFOPLIST_KEY_UIStatusBarStyle[sdk=iphonesimulator*]" = UIStatusBarStyleDefault;
				INFOPLIST_KEY_UISupportedInterfaceOrientations_iPad = "UIInterfaceOrientationPortrait UIInterfaceOrientationPortraitUpsideDown UIInterfaceOrientationLandscapeLeft UIInterfaceOrientationLandscapeRight";
				INFOPLIST_KEY_UISupportedInterfaceOrientations_iPhone = "UIInterfaceOrientationPortrait UIInterfaceOrientationLandscapeLeft UIInterfaceOrientationLandscapeRight";
				IPHONEOS_DEPLOYMENT_TARGET = 16.2;
				LD_RUNPATH_SEARCH_PATHS = "@executable_path/Frameworks";
				"LD_RUNPATH_SEARCH_PATHS[sdk=macosx*]" = "@executable_path/../Frameworks";
				MACOSX_DEPLOYMENT_TARGET = 13.0;
				MARKETING_VERSION = 1.0;
				PRODUCT_BUNDLE_IDENTIFIER = com.lukevanin.SURFMetalApp;
				PRODUCT_NAME = "$(TARGET_NAME)";
				SDKROOT = auto;
				SUPPORTED_PLATFORMS = "iphoneos iphonesimulator macosx";
				SWIFT_EMIT_LOC_STRINGS = YES;
				SWIFT_VERSION = 5.0;
				TARGETED_DEVICE_FAMILY = "1,2";
			};
			name = Release;
		};
/* End XCBuildConfiguration section */

/* Begin XCConfigurationList section */
		FC673EFB299B93ED001703A3 /* Build configuration list for PBXProject "SURFMetalApp" */ = {
			isa = XCConfigurationList;
			buildConfigurations = (
				FC673F0D299B93ED001703A3 /* Debug */,
				FC673F0E299B93ED001703A3 /* Release */,
			);
			defaultConfigurationIsVisible = 0;
			defaultConfigurationName = Release;
		};
		FC673F0F299B93ED001703A3 /* Build configuration list for PBXNativeTarget "SURFMetalApp" */ = {
			isa = XCConfigurationList;
			buildConfigurations = (
				FC673F10299B93ED001703A3 /* Debug */,
				FC673F11299B93ED001703A3 /* Release */,
			);
			defaultConfigurationIsVisible = 0;
			defaultConfigurationName = Release;
		};
/* End XCConfigurationList section */
	};
	rootObject = FC673EF8299B93ED001703A3 /* Project object */;
}
